
Microsoft Visual Studio Solution File, Format Version 12.00
# Visual Studio Version 17
VisualStudioVersion = 17.5.33318.248
MinimumVisualStudioVersion = 10.0.40219.1
Project("{FAE04EC0-301F-11D3-BF4B-00C04F79EFBC}") = "BloodDonatorAPI", "BloodDonatorAPI\BloodDonatorAPI.csproj", "{693C4EE0-E039-4365-81FD-1913BEFE9C0E}"
EndProject
Global
	GlobalSection(SolutionConfigurationPlatforms) = preSolution
		Debug|Any CPU = Debug|Any CPU
		Release|Any CPU = Release|Any CPU
	EndGlobalSection
	GlobalSection(ProjectConfigurationPlatforms) = postSolution
		{693C4EE0-E039-4365-81FD-1913BEFE9C0E}.Debug|Any CPU.ActiveCfg = Debug|Any CPU
		{693C4EE0-E039-4365-81FD-1913BEFE9C0E}.Debug|Any CPU.Build.0 = Debug|Any CPU
		{693C4EE0-E039-4365-81FD-1913BEFE9C0E}.Release|Any CPU.ActiveCfg = Release|Any CPU
		{693C4EE0-E039-4365-81FD-1913BEFE9C0E}.Release|Any CPU.Build.0 = Release|Any CPU
	EndGlobalSection
	GlobalSection(SolutionProperties) = preSolution
		HideSolutionNode = FALSE
	EndGlobalSection
	GlobalSection(ExtensibilityGlobals) = postSolution
		SolutionGuid = {01412696-41F4-4702-ACAA-0BE8B92A0F32}
	EndGlobalSection
EndGlobal
